// !$*UTF8*$!
{
	archiveVersion = 1;
	classes = {
	};
	objectVersion = 50;
	objects = {

/* Begin PBXBuildFile section */
		04EE3072237355F300B13554 /* AppDelegate.swift in Sources */ = {isa = PBXBuildFile; fileRef = 04EE3071237355F300B13554 /* AppDelegate.swift */; };
		04EE3074237355F300B13554 /* SceneDelegate.swift in Sources */ = {isa = PBXBuildFile; fileRef = 04EE3073237355F300B13554 /* SceneDelegate.swift */; };
		04EE3076237355F300B13554 /* ViewController.swift in Sources */ = {isa = PBXBuildFile; fileRef = 04EE3075237355F300B13554 /* ViewController.swift */; };
		04EE3079237355F300B13554 /* Main.storyboard in Resources */ = {isa = PBXBuildFile; fileRef = 04EE3077237355F300B13554 /* Main.storyboard */; };
		04EE307C237355F300B13554 /* tic_tac_game.xcdatamodeld in Sources */ = {isa = PBXBuildFile; fileRef = 04EE307A237355F300B13554 /* tic_tac_game.xcdatamodeld */; };
		04EE307E237355F500B13554 /* Assets.xcassets in Resources */ = {isa = PBXBuildFile; fileRef = 04EE307D237355F500B13554 /* Assets.xcassets */; };
		04EE3081237355F500B13554 /* LaunchScreen.storyboard in Resources */ = {isa = PBXBuildFile; fileRef = 04EE307F237355F500B13554 /* LaunchScreen.storyboard */; };
/* End PBXBuildFile section */

/* Begin PBXFileReference section */
		04EE306E237355F300B13554 /* tic_tac_game.app */ = {isa = PBXFileReference; explicitFileType = wrapper.application; includeInIndex = 0; path = tic_tac_game.app; sourceTree = BUILT_PRODUCTS_DIR; };
		04EE3071237355F300B13554 /* AppDelegate.swift */ = {isa = PBXFileReference; lastKnownFileType = sourcecode.swift; path = AppDelegate.swift; sourceTree = "<group>"; };
		04EE3073237355F300B13554 /* SceneDelegate.swift */ = {isa = PBXFileReference; lastKnownFileType = sourcecode.swift; path = SceneDelegate.swift; sourceTree = "<group>"; };
		04EE3075237355F300B13554 /* ViewController.swift */ = {isa = PBXFileReference; lastKnownFileType = sourcecode.swift; path = ViewController.swift; sourceTree = "<group>"; };
		04EE3078237355F300B13554 /* Base */ = {isa = PBXFileReference; lastKnownFileType = file.storyboard; name = Base; path = Base.lproj/Main.storyboard; sourceTree = "<group>"; };
		04EE307B237355F300B13554 /* tic_tac_game.xcdatamodel */ = {isa = PBXFileReference; lastKnownFileType = wrapper.xcdatamodel; path = tic_tac_game.xcdatamodel; sourceTree = "<group>"; };
		04EE307D237355F500B13554 /* Assets.xcassets */ = {isa = PBXFileReference; lastKnownFileType = folder.assetcatalog; path = Assets.xcassets; sourceTree = "<group>"; };
		04EE3080237355F500B13554 /* Base */ = {isa = PBXFileReference; lastKnownFileType = file.storyboard; name = Base; path = Base.lproj/LaunchScreen.storyboard; sourceTree = "<group>"; };
		04EE3082237355F500B13554 /* Info.plist */ = {isa = PBXFileReference; lastKnownFileType = text.plist.xml; path = Info.plist; sourceTree = "<group>"; };
/* End PBXFileReference section */

/* Begin PBXFrameworksBuildPhase section */
		04EE306B237355F300B13554 /* Frameworks */ = {
			isa = PBXFrameworksBuildPhase;
			buildActionMask = 2147483647;
			files = (
			);
			runOnlyForDeploymentPostprocessing = 0;
		};
/* End PBXFrameworksBuildPhase section */

/* Begin PBXGroup section */
		04EE3065237355F300B13554 = {
			isa = PBXGroup;
			children = (
				04EE3070237355F300B13554 /* tic_tac_game */,
				04EE306F237355F300B13554 /* Products */,
			);
			sourceTree = "<group>";
		};
		04EE306F237355F300B13554 /* Products */ = {
			isa = PBXGroup;
			children = (
				04EE306E237355F300B13554 /* tic_tac_game.app */,
			);
			name = Products;
			sourceTree = "<group>";
		};
		04EE3070237355F300B13554 /* tic_tac_game */ = {
			isa = PBXGroup;
			children = (
				04EE3071237355F300B13554 /* AppDelegate.swift */,
				04EE3073237355F300B13554 /* SceneDelegate.swift */,
				04EE3075237355F300B13554 /* ViewController.swift */,
				04EE3077237355F300B13554 /* Main.storyboard */,
				04EE307D237355F500B13554 /* Assets.xcassets */,
				04EE307F237355F500B13554 /* LaunchScreen.storyboard */,
				04EE3082237355F500B13554 /* Info.plist */,
				04EE307A237355F300B13554 /* tic_tac_game.xcdatamodeld */,
			);
			path = tic_tac_game;
			sourceTree = "<group>";
		};
/* End PBXGroup section */

/* Begin PBXNativeTarget section */
		04EE306D237355F300B13554 /* tic_tac_game */ = {
			isa = PBXNativeTarget;
			buildConfigurationList = 04EE3085237355F500B13554 /* Build configuration list for PBXNativeTarget "tic_tac_game" */;
			buildPhases = (
				04EE306A237355F300B13554 /* Sources */,
				04EE306B237355F300B13554 /* Frameworks */,
				04EE306C237355F300B13554 /* Resources */,
			);
			buildRules = (
			);
			dependencies = (
			);
			name = tic_tac_game;
			productName = tic_tac_game;
			productReference = 04EE306E237355F300B13554 /* tic_tac_game.app */;
			productType = "com.apple.product-type.application";
		};
/* End PBXNativeTarget section */

/* Begin PBXProject section */
		04EE3066237355F300B13554 /* Project object */ = {
			isa = PBXProject;
			attributes = {
				LastSwiftUpdateCheck = 1110;
				LastUpgradeCheck = 1110;
				ORGANIZATIONNAME = Mac;
				TargetAttributes = {
					04EE306D237355F300B13554 = {
						CreatedOnToolsVersion = 11.1;
					};
				};
			};
			buildConfigurationList = 04EE3069237355F300B13554 /* Build configuration list for PBXProject "tic_tac_game" */;
			compatibilityVersion = "Xcode 9.3";
			developmentRegion = en;
			hasScannedForEncodings = 0;
			knownRegions = (
				en,
				Base,
			);
			mainGroup = 04EE3065237355F300B13554;
			productRefGroup = 04EE306F237355F300B13554 /* Products */;
			projectDirPath = "";
			projectRoot = "";
			targets = (
				04EE306D237355F300B13554 /* tic_tac_game */,
			);
		};
/* End PBXProject section */

/* Begin PBXResourcesBuildPhase section */
		04EE306C237355F300B13554 /* Resources */ = {
			isa = PBXResourcesBuildPhase;
			buildActionMask = 2147483647;
			files = (
				04EE3081237355F500B13554 /* LaunchScreen.storyboard in Resources */,
				04EE307E237355F500B13554 /* Assets.xcassets in Resources */,
				04EE3079237355F300B13554 /* Main.storyboard in Resources */,
			);
			runOnlyForDeploymentPostprocessing = 0;
		};
/* End PBXResourcesBuildPhase section */

/* Begin PBXSourcesBuildPhase section */
		04EE306A237355F300B13554 /* Sources */ = {
			isa = PBXSourcesBuildPhase;
			buildActionMask = 2147483647;
			files = (
				04EE3076237355F300B13554 /* ViewController.swift in Sources */,
				04EE307C237355F300B13554 /* tic_tac_game.xcdatamodeld in Sources */,
				04EE3072237355F300B13554 /* AppDelegate.swift in Sources */,
				04EE3074237355F300B13554 /* SceneDelegate.swift in Sources */,
			);
			runOnlyForDeploymentPostprocessing = 0;
		};
/* End PBXSourcesBuildPhase section */

/* Begin PBXVariantGroup section */
		04EE3077237355F300B13554 /* Main.storyboard */ = {
			isa = PBXVariantGroup;
			children = (
				04EE3078237355F300B13554 /* Base */,
			);
			name = Main.storyboard;
			sourceTree = "<group>";
		};
		04EE307F237355F500B13554 /* LaunchScreen.storyboard */ = {
			isa = PBXVariantGroup;
			children = (
				04EE3080237355F500B13554 /* Base */,
			);
			name = LaunchScreen.storyboard;
			sourceTree = "<group>";
		};
/* End PBXVariantGroup section */

/* Begin XCBuildConfiguration section */
		04EE3083237355F500B13554 /* Debug */ = {
			isa = XCBuildConfiguration;
			buildSettings = {
				ALWAYS_SEARCH_USER_PATHS = NO;
				CLANG_ANALYZER_NONNULL = YES;
				CLANG_ANALYZER_NUMBER_OBJECT_CONVERSION = YES_AGGRESSIVE;
				CLANG_CXX_LANGUAGE_STANDARD = "gnu++14";
				CLANG_CXX_LIBRARY = "libc++";
				CLANG_ENABLE_MODULES = YES;
				CLANG_ENABLE_OBJC_ARC = YES;
				CLANG_ENABLE_OBJC_WEAK = YES;
				CLANG_WARN_BLOCK_CAPTURE_AUTORELEASING = YES;
				CLANG_WARN_BOOL_CONVERSION = YES;
				CLANG_WARN_COMMA = YES;
				CLANG_WARN_CONSTANT_CONVERSION = YES;
				CLANG_WARN_DEPRECATED_OBJC_IMPLEMENTATIONS = YES;
				CLANG_WARN_DIRECT_OBJC_ISA_USAGE = YES_ERROR;
				CLANG_WARN_DOCUMENTATION_COMMENTS = YES;
				CLANG_WARN_EMPTY_BODY = YES;
				CLANG_WARN_ENUM_CONVERSION = YES;
				CLANG_WARN_INFINITE_RECURSION = YES;
				CLANG_WARN_INT_CONVERSION = YES;
				CLANG_WARN_NON_LITERAL_NULL_CONVERSION = YES;
				CLANG_WARN_OBJC_IMPLICIT_RETAIN_SELF = YES;
				CLANG_WARN_OBJC_LITERAL_CONVERSION = YES;
				CLANG_WARN_OBJC_ROOT_CLASS = YES_ERROR;
				CLANG_WARN_RANGE_LOOP_ANALYSIS = YES;
				CLANG_WARN_STRICT_PROTOTYPES = YES;
				CLANG_WARN_SUSPICIOUS_MOVE = YES;
				CLANG_WARN_UNGUARDED_AVAILABILITY = YES_AGGRESSIVE;
				CLANG_WARN_UNREACHABLE_CODE = YES;
				CLANG_WARN__DUPLICATE_METHOD_MATCH = YES;
				COPY_PHASE_STRIP = NO;
				DEBUG_INFORMATION_FORMAT = dwarf;
				ENABLE_STRICT_OBJC_MSGSEND = YES;
				ENABLE_TESTABILITY = YES;
				GCC_C_LANGUAGE_STANDARD = gnu11;
				GCC_DYNAMIC_NO_PIC = NO;
				GCC_NO_COMMON_BLOCKS = YES;
				GCC_OPTIMIZATION_LEVEL = 0;
				GCC_PREPROCESSOR_DEFINITIONS = (
					"DEBUG=1",
					"$(inherited)",
				);
				GCC_WARN_64_TO_32_BIT_CONVERSION = YES;
				GCC_WARN_ABOUT_RETURN_TYPE = YES_ERROR;
				GCC_WARN_UNDECLARED_SELECTOR = YES;
				GCC_WARN_UNINITIALIZED_AUTOS = YES_AGGRESSIVE;
				GCC_WARN_UNUSED_FUNCTION = YES;
				GCC_WARN_UNUSED_VARIABLE = YES;
				IPHONEOS_DEPLOYMENT_TARGET = 13.1;
				MTL_ENABLE_DEBUG_INFO = INCLUDE_SOURCE;
				MTL_FAST_MATH = YES;
				ONLY_ACTIVE_ARCH = YES;
				SDKROOT = iphoneos;
				SWIFT_ACTIVE_COMPILATION_CONDITIONS = DEBUG;
				SWIFT_OPTIMIZATION_LEVEL = "-Onone";
			};
			name = Debug;
		};
		04EE3084237355F500B13554 /* Release */ = {
			isa = XCBuildConfiguration;
			buildSettings = {
				ALWAYS_SEARCH_USER_PATHS = NO;
				CLANG_ANALYZER_NONNULL = YES;
				CLANG_ANALYZER_NUMBER_OBJECT_CONVERSION = YES_AGGRESSIVE;
				CLANG_CXX_LANGUAGE_STANDARD = "gnu++14";
				CLANG_CXX_LIBRARY = "libc++";
				CLANG_ENABLE_MODULES = YES;
				CLANG_ENABLE_OBJC_ARC = YES;
				CLANG_ENABLE_OBJC_WEAK = YES;
				CLANG_WARN_BLOCK_CAPTURE_AUTORELEASING = YES;
				CLANG_WARN_BOOL_CONVERSION = YES;
				CLANG_WARN_COMMA = YES;
				CLANG_WARN_CONSTANT_CONVERSION = YES;
				CLANG_WARN_DEPRECATED_OBJC_IMPLEMENTATIONS = YES;
				CLANG_WARN_DIRECT_OBJC_ISA_USAGE = YES_ERROR;
				CLANG_WARN_DOCUMENTATION_COMMENTS = YES;
				CLANG_WARN_EMPTY_BODY = YES;
				CLANG_WARN_ENUM_CONVERSION = YES;
				CLANG_WARN_INFINITE_RECURSION = YES;
				CLANG_WARN_INT_CONVERSION = YES;
				CLANG_WARN_NON_LITERAL_NULL_CONVERSION = YES;
				CLANG_WARN_OBJC_IMPLICIT_RETAIN_SELF = YES;
				CLANG_WARN_OBJC_LITERAL_CONVERSION = YES;
				CLANG_WARN_OBJC_ROOT_CLASS = YES_ERROR;
				CLANG_WARN_RANGE_LOOP_ANALYSIS = YES;
				CLANG_WARN_STRICT_PROTOTYPES = YES;
				CLANG_WARN_SUSPICIOUS_MOVE = YES;
				CLANG_WARN_UNGUARDED_AVAILABILITY = YES_AGGRESSIVE;
				CLANG_WARN_UNREACHABLE_CODE = YES;
				CLANG_WARN__DUPLICATE_METHOD_MATCH = YES;
				COPY_PHASE_STRIP = NO;
				DEBUG_INFORMATION_FORMAT = "dwarf-with-dsym";
				ENABLE_NS_ASSERTIONS = NO;
				ENABLE_STRICT_OBJC_MSGSEND = YES;
				GCC_C_LANGUAGE_STANDARD = gnu11;
				GCC_NO_COMMON_BLOCKS = YES;
				GCC_WARN_64_TO_32_BIT_CONVERSION = YES;
				GCC_WARN_ABOUT_RETURN_TYPE = YES_ERROR;
				GCC_WARN_UNDECLARED_SELECTOR = YES;
				GCC_WARN_UNINITIALIZED_AUTOS = YES_AGGRESSIVE;
				GCC_WARN_UNUSED_FUNCTION = YES;
				GCC_WARN_UNUSED_VARIABLE = YES;
				IPHONEOS_DEPLOYMENT_TARGET = 13.1;
				MTL_ENABLE_DEBUG_INFO = NO;
				MTL_FAST_MATH = YES;
				SDKROOT = iphoneos;
				SWIFT_COMPILATION_MODE = wholemodule;
				SWIFT_OPTIMIZATION_LEVEL = "-O";
				VALIDATE_PRODUCT = YES;
			};
			name = Release;
		};
		04EE3086237355F500B13554 /* Debug */ = {
			isa = XCBuildConfiguration;
			buildSettings = {
				ASSETCATALOG_COMPILER_APPICON_NAME = AppIcon;
				CODE_SIGN_STYLE = Automatic;
				DEVELOPMENT_TEAM = PN5QG2Z2AV;
				INFOPLIST_FILE = tic_tac_game/Info.plist;
				LD_RUNPATH_SEARCH_PATHS = (
					"$(inherited)",
					"@executable_path/Frameworks",
				);
				PRODUCT_BUNDLE_IDENTIFIER = "mac.uz.tic-tac-game";
				PRODUCT_NAME = "$(TARGET_NAME)";
				SWIFT_VERSION = 5.0;
				TARGETED_DEVICE_FAMILY = 1;
			};
			name = Debug;
		};
		04EE3087237355F500B13554 /* Release */ = {
			isa = XCBuildConfiguration;
			buildSettings = {
				ASSETCATALOG_COMPILER_APPICON_NAME = AppIcon;
				CODE_SIGN_STYLE = Automatic;
				DEVELOPMENT_TEAM = PN5QG2Z2AV;
				INFOPLIST_FILE = tic_tac_game/Info.plist;
				LD_RUNPATH_SEARCH_PATHS = (
					"$(inherited)",
					"@executable_path/Frameworks",
				);
				PRODUCT_BUNDLE_IDENTIFIER = "mac.uz.tic-tac-game";
				PRODUCT_NAME = "$(TARGET_NAME)";
				SWIFT_VERSION = 5.0;
				TARGETED_DEVICE_FAMILY = 1;
			};
			name = Release;
		};
/* End XCBuildConfiguration section */

/* Begin XCConfigurationList section */
		04EE3069237355F300B13554 /* Build configuration list for PBXProject "tic_tac_game" */ = {
			isa = XCConfigurationList;
			buildConfigurations = (
				04EE3083237355F500B13554 /* Debug */,
				04EE3084237355F500B13554 /* Release */,
			);
			defaultConfigurationIsVisible = 0;
			defaultConfigurationName = Release;
		};
		04EE3085237355F500B13554 /* Build configuration list for PBXNativeTarget "tic_tac_game" */ = {
			isa = XCConfigurationList;
			buildConfigurations = (
				04EE3086237355F500B13554 /* Debug */,
				04EE3087237355F500B13554 /* Release */,
			);
			defaultConfigurationIsVisible = 0;
			defaultConfigurationName = Release;
		};
/* End XCConfigurationList section */

/* Begin XCVersionGroup section */
		04EE307A237355F300B13554 /* tic_tac_game.xcdatamodeld */ = {
			isa = XCVersionGroup;
			children = (
				04EE307B237355F300B13554 /* tic_tac_game.xcdatamodel */,
			);
			currentVersion = 04EE307B237355F300B13554 /* tic_tac_game.xcdatamodel */;
			path = tic_tac_game.xcdatamodeld;
			sourceTree = "<group>";
			versionGroupType = wrapper.xcdatamodel;
		};
/* End XCVersionGroup section */
	};
	rootObject = 04EE3066237355F300B13554 /* Project object */;
}
